
Microsoft Visual Studio Solution File, Format Version 12.00
# Visual Studio Version 17
VisualStudioVersion = 17.14.37203.1 d17.14
MinimumVisualStudioVersion = 10.0.40219.1
Project("{FAE04EC0-301F-11D3-BF4B-00C04F79EFBC}") = "INDWalks.API", "INDWalks.API\INDWalks.API.csproj", "{8F4C0409-C6E1-4CCF-8CF8-3B7C6273120D}"
EndProject
Global
	GlobalSection(SolutionConfigurationPlatforms) = preSolution
		Debug|Any CPU = Debug|Any CPU
		Release|Any CPU = Release|Any CPU
	EndGlobalSection
	GlobalSection(ProjectConfigurationPlatforms) = postSolution
		{8F4C0409-C6E1-4CCF-8CF8-3B7C6273120D}.Debug|Any CPU.ActiveCfg = Debug|Any CPU
		{8F4C0409-C6E1-4CCF-8CF8-3B7C6273120D}.Debug|Any CPU.Build.0 = Debug|Any CPU
		{8F4C0409-C6E1-4CCF-8CF8-3B7C6273120D}.Release|Any CPU.ActiveCfg = Release|Any CPU
		{8F4C0409-C6E1-4CCF-8CF8-3B7C6273120D}.Release|Any CPU.Build.0 = Release|Any CPU
	EndGlobalSection
	GlobalSection(SolutionProperties) = preSolution
		HideSolutionNode = FALSE
	EndGlobalSection
	GlobalSection(ExtensibilityGlobals) = postSolution
		SolutionGuid = {257BF48B-17BD-4987-9C60-EDBA0688FD8E}
	EndGlobalSection
EndGlobal
